# This file is automatically @generated by Poetry 1.8.3 and should not be changed by hand.

[[package]]
name = "myhdl"
version = "0.11.49"
description = "Python as a Hardware Description Language"
optional = false
python-versions = ">=3.8"
files = [
    {file = "myhdl-0.11.49-py3-none-any.whl", hash = "sha256:264f8710ada3437a57ca113624983fa0d2e786e000b9b68f7b68e2922d4f61b5"},
    {file = "myhdl-0.11.49.tar.gz", hash = "sha256:c74d21f229f205b964162668f4017ce3ef2b3623279d6f0eaaf1dce7cad7f1aa"},
]

[metadata]
lock-version = "2.0"
python-versions = "^3.12"
content-hash = "31b3984da142faf88f49191d4717a2cd811ceb0a83a8324b46b89dbced010937"
